<?xml version="1.0" encoding="utf-8"?>
<Project ToolsVersion="4.0" xmlns="http://schemas.microsoft.com/developer/msbuild/2003">
  <ItemGroup>
    <Filter Include="Quelldateien">
      <UniqueIdentifier>{4FC737F1-C7A5-4376-A066-2A32D752A2FF}</UniqueIdentifier>
      <Extensions>cpp;c;cc;cxx;c++;cppm;ixx;def;odl;idl;hpj;bat;asm;asmx</Extensions>
    </Filter>
    <Filter Include="Headerdateien">
      <UniqueIdentifier>{93995380-89BD-4b04-88EB-625FBE52EBFB}</UniqueIdentifier>
      <Extensions>h;hh;hpp;hxx;h++;hm;inl;inc;ipp;xsd</Extensions>
    </Filter>
    <Filter Include="Ressourcendateien">
      <UniqueIdentifier>{67DA6AB6-F800-4c08-8B7A-83BB121AAD01}</UniqueIdentifier>
      <Extensions>rc;ico;cur;bmp;dlg;rc2;rct;bin;rgs;gif;jpg;jpeg;jpe;resx;tiff;tif;png;wav;mfcribbon-ms</Extensions>
    </Filter>
  </ItemGroup>
  <ItemGroup>
    <ClInclude Include="core\namedenum.hpp">
      <Filter>Headerdateien</Filter>
    </ClInclude>
    <ClInclude Include="core\bytestream.hpp">
      <Filter>Headerdateien</Filter>
    </ClInclude>
    <ClInclude Include="core\data.hpp">
      <Filter>Headerdateien</Filter>
    </ClInclude>
    <ClInclude Include="external\json_wrapper.hpp">
      <Filter>Headerdateien</Filter>
    </ClInclude>
    <ClInclude Include="protocols\iec104\asdu.hpp">
      <Filter>Headerdateien</Filter>
    </ClInclude>
    <ClInclude Include="protocols\iec104\data104.hpp">
      <Filter>Headerdateien</Filter>
    </ClInclude>
    <ClInclude Include="protocols\iec104\infoaddress.hpp">
      <Filter>Headerdateien</Filter>
    </ClInclude>
    <ClInclude Include="protocols\iec104\infoobjects.hpp">
      <Filter>Headerdateien</Filter>
    </ClInclude>
    <ClInclude Include="protocols\iec104\reason.hpp">
      <Filter>Headerdateien</Filter>
    </ClInclude>
    <ClInclude Include="protocols\iec104\104enums.hpp">
      <Filter>Headerdateien</Filter>
    </ClInclude>
    <ClInclude Include="protocols\iec104\quality.hpp">
      <Filter>Headerdateien</Filter>
    </ClInclude>
    <ClInclude Include="rtutool.hpp">
      <Filter>Headerdateien</Filter>
    </ClInclude>
    <ClInclude Include="protocols\iec104\apdu.hpp">
      <Filter>Headerdateien</Filter>
    </ClInclude>
    <ClInclude Include="errornomoredata.hpp">
      <Filter>Headerdateien</Filter>
    </ClInclude>
    <ClInclude Include="errordecode.hpp">
      <Filter>Headerdateien</Filter>
    </ClInclude>
  </ItemGroup>
  <ItemGroup>
    <ClCompile Include="core\data.cpp">
      <Filter>Quelldateien</Filter>
    </ClCompile>
    <ClCompile Include="external\json_wrapper.cpp">
      <Filter>Quelldateien</Filter>
    </ClCompile>
    <ClCompile Include="protocols\iec104\asdu.cpp">
      <Filter>Quelldateien</Filter>
    </ClCompile>
    <ClCompile Include="protocols\iec104\data104.cpp">
      <Filter>Quelldateien</Filter>
    </ClCompile>
    <ClCompile Include="protocols\iec104\infoaddress.cpp">
      <Filter>Quelldateien</Filter>
    </ClCompile>
    <ClCompile Include="protocols\iec104\infoobjects.cpp">
      <Filter>Quelldateien</Filter>
    </ClCompile>
    <ClCompile Include="protocols\iec104\register_iec104.cpp">
      <Filter>Quelldateien</Filter>
    </ClCompile>
    <ClCompile Include="protocols\iec104\104enums.cpp">
      <Filter>Quelldateien</Filter>
    </ClCompile>
    <ClCompile Include="104parser.cpp">
      <Filter>Quelldateien</Filter>
    </ClCompile>
    <ClCompile Include="rtutool.cpp">
      <Filter>Quelldateien</Filter>
    </ClCompile>
    <ClCompile Include="protocols\iec104\apdu.cpp">
      <Filter>Quelldateien</Filter>
    </ClCompile>
    <ClCompile Include="errornomoredata.cpp">
      <Filter>Quelldateien</Filter>
    </ClCompile>
  </ItemGroup>
</Project>